// !$*UTF8*$!
{
	archiveVersion = 1;
	classes = {
	};
	objectVersion = 55;
	objects = {

/* Begin PBXBuildFile section */
		D53FCA5628049FD40078323A /* Endpoint.swift in Sources */ = {isa = PBXBuildFile; fileRef = D53FCA5528049FD40078323A /* Endpoint.swift */; };
		D53FCA5828049FF80078323A /* HTTPClient.swift in Sources */ = {isa = PBXBuildFile; fileRef = D53FCA5728049FF80078323A /* HTTPClient.swift */; };
		D53FCA5A2804A0200078323A /* RequestMethod.swift in Sources */ = {isa = PBXBuildFile; fileRef = D53FCA592804A0200078323A /* RequestMethod.swift */; };
		D53FCA5C2804A0380078323A /* RequestError.swift in Sources */ = {isa = PBXBuildFile; fileRef = D53FCA5B2804A0380078323A /* RequestError.swift */; };
		D53FCA5F2804A0A80078323A /* LavoroEndpoints.swift in Sources */ = {isa = PBXBuildFile; fileRef = D53FCA5E2804A0A80078323A /* LavoroEndpoints.swift */; };
		D53FCA622804A0EC0078323A /* LavoroService.swift in Sources */ = {isa = PBXBuildFile; fileRef = D53FCA612804A0EC0078323A /* LavoroService.swift */; };
		D53FCA642804A6590078323A /* UIImage+Codable.swift in Sources */ = {isa = PBXBuildFile; fileRef = D53FCA632804A6590078323A /* UIImage+Codable.swift */; };
		D53FCA662804A7320078323A /* UIImage+Data.swift in Sources */ = {isa = PBXBuildFile; fileRef = D53FCA652804A7320078323A /* UIImage+Data.swift */; };
		D544724827EFE68E00421940 /* OfferListUIView.swift in Sources */ = {isa = PBXBuildFile; fileRef = D544724727EFE68E00421940 /* OfferListUIView.swift */; };
		D544724927EFE68E00421940 /* OfferListUIView.swift in Sources */ = {isa = PBXBuildFile; fileRef = D544724727EFE68E00421940 /* OfferListUIView.swift */; };
		D544724C27F0431C00421940 /* EmployeeHomeView.swift in Sources */ = {isa = PBXBuildFile; fileRef = D544724B27F0431C00421940 /* EmployeeHomeView.swift */; };
		D544724D27F0431C00421940 /* EmployeeHomeView.swift in Sources */ = {isa = PBXBuildFile; fileRef = D544724B27F0431C00421940 /* EmployeeHomeView.swift */; };
		D544724E27F0431C00421940 /* EmployeeHomeView.swift in Sources */ = {isa = PBXBuildFile; fileRef = D544724B27F0431C00421940 /* EmployeeHomeView.swift */; };
		D544725027F04D0F00421940 /* EmployeeViewModel.swift in Sources */ = {isa = PBXBuildFile; fileRef = D544724F27F04D0F00421940 /* EmployeeViewModel.swift */; };
		D544725127F04D0F00421940 /* EmployeeViewModel.swift in Sources */ = {isa = PBXBuildFile; fileRef = D544724F27F04D0F00421940 /* EmployeeViewModel.swift */; };
		D544725227F04D0F00421940 /* EmployeeViewModel.swift in Sources */ = {isa = PBXBuildFile; fileRef = D544724F27F04D0F00421940 /* EmployeeViewModel.swift */; };
		D544725427F0571D00421940 /* EmployeeParametersView.swift in Sources */ = {isa = PBXBuildFile; fileRef = D544725327F0571D00421940 /* EmployeeParametersView.swift */; };
		D544725527F0571D00421940 /* EmployeeParametersView.swift in Sources */ = {isa = PBXBuildFile; fileRef = D544725327F0571D00421940 /* EmployeeParametersView.swift */; };
		D544725627F0571D00421940 /* EmployeeParametersView.swift in Sources */ = {isa = PBXBuildFile; fileRef = D544725327F0571D00421940 /* EmployeeParametersView.swift */; };
		D5466F1027EEF99300720F80 /* TabBar.swift in Sources */ = {isa = PBXBuildFile; fileRef = D5466F0F27EEF99300720F80 /* TabBar.swift */; };
		D5466F1327EF171C00720F80 /* FacebookLogin in Frameworks */ = {isa = PBXBuildFile; productRef = D5466F1227EF171C00720F80 /* FacebookLogin */; };
		D5466F1527EF17C900720F80 /* OptionsView.swift in Sources */ = {isa = PBXBuildFile; fileRef = D5466F1427EF17C900720F80 /* OptionsView.swift */; };
		D5472C5A28061B0F00107D88 /* Montserrat-Medium.ttf in Resources */ = {isa = PBXBuildFile; fileRef = D5472C5628061B0E00107D88 /* Montserrat-Medium.ttf */; };
		D5472C5B28061B0F00107D88 /* Montserrat-Medium.ttf in Resources */ = {isa = PBXBuildFile; fileRef = D5472C5628061B0E00107D88 /* Montserrat-Medium.ttf */; };
		D5472C5C28061B0F00107D88 /* Montserrat-Bold.ttf in Resources */ = {isa = PBXBuildFile; fileRef = D5472C5728061B0F00107D88 /* Montserrat-Bold.ttf */; };
		D5472C5D28061B0F00107D88 /* Montserrat-Bold.ttf in Resources */ = {isa = PBXBuildFile; fileRef = D5472C5728061B0F00107D88 /* Montserrat-Bold.ttf */; };
		D5472C5E28061B0F00107D88 /* Montserrat-Regular.ttf in Resources */ = {isa = PBXBuildFile; fileRef = D5472C5828061B0F00107D88 /* Montserrat-Regular.ttf */; };
		D5472C5F28061B0F00107D88 /* Montserrat-Regular.ttf in Resources */ = {isa = PBXBuildFile; fileRef = D5472C5828061B0F00107D88 /* Montserrat-Regular.ttf */; };
		D5472C6028061B0F00107D88 /* Montserrat-SemiBold.ttf in Resources */ = {isa = PBXBuildFile; fileRef = D5472C5928061B0F00107D88 /* Montserrat-SemiBold.ttf */; };
		D5472C6128061B0F00107D88 /* Montserrat-SemiBold.ttf in Resources */ = {isa = PBXBuildFile; fileRef = D5472C5928061B0F00107D88 /* Montserrat-SemiBold.ttf */; };
		D54A3A0627F98F2400104A06 /* SkillSetListView.swift in Sources */ = {isa = PBXBuildFile; fileRef = D54A3A0527F98F2400104A06 /* SkillSetListView.swift */; };
		D54A3A0827F98F3100104A06 /* SkillCellView.swift in Sources */ = {isa = PBXBuildFile; fileRef = D54A3A0727F98F3100104A06 /* SkillCellView.swift */; };
		D570CB3727E7CFB300155781 /* WebService.swift in Sources */ = {isa = PBXBuildFile; fileRef = D570CB3627E7CFB300155781 /* WebService.swift */; };
		D570CB3927E7D00600155781 /* User.swift in Sources */ = {isa = PBXBuildFile; fileRef = D570CB3827E7D00600155781 /* User.swift */; };
		D570CB3C27E7D08500155781 /* LoginViewModel.swift in Sources */ = {isa = PBXBuildFile; fileRef = D570CB3B27E7D08500155781 /* LoginViewModel.swift */; };
		D57F297827D568BB00703726 /* Literals.swift in Sources */ = {isa = PBXBuildFile; fileRef = D57F297727D568BB00703726 /* Literals.swift */; };
		D5AECFEA27D5588500FBEE17 /* RegistrationUIView.swift in Sources */ = {isa = PBXBuildFile; fileRef = D5AECFE927D5588500FBEE17 /* RegistrationUIView.swift */; };
		D5AECFEC27D558BE00FBEE17 /* MainUIView.swift in Sources */ = {isa = PBXBuildFile; fileRef = D5AECFEB27D558BE00FBEE17 /* MainUIView.swift */; };
		D5AECFEE27D5590500FBEE17 /* EmployeesListUIView.swift in Sources */ = {isa = PBXBuildFile; fileRef = D5AECFED27D5590500FBEE17 /* EmployeesListUIView.swift */; };
		D5AECFF027D5591500FBEE17 /* ProjectsListUIView.swift in Sources */ = {isa = PBXBuildFile; fileRef = D5AECFEF27D5591500FBEE17 /* ProjectsListUIView.swift */; };
		D5AECFF227D5594A00FBEE17 /* ParametersFormUIView.swift in Sources */ = {isa = PBXBuildFile; fileRef = D5AECFF127D5594A00FBEE17 /* ParametersFormUIView.swift */; };
		D5AECFF627D55A5E00FBEE17 /* UserLogin.swift in Sources */ = {isa = PBXBuildFile; fileRef = D5AECFF527D55A5E00FBEE17 /* UserLogin.swift */; };
		D5AECFF827D55A7600FBEE17 /* UserRegister.swift in Sources */ = {isa = PBXBuildFile; fileRef = D5AECFF727D55A7600FBEE17 /* UserRegister.swift */; };
		D5AECFFA27D55ABF00FBEE17 /* Applicant.swift in Sources */ = {isa = PBXBuildFile; fileRef = D5AECFF927D55ABF00FBEE17 /* Applicant.swift */; };
		D5AECFFC27D55ACE00FBEE17 /* Project.swift in Sources */ = {isa = PBXBuildFile; fileRef = D5AECFFB27D55ACE00FBEE17 /* Project.swift */; };
		D5AECFFE27D55AEA00FBEE17 /* Skill.swift in Sources */ = {isa = PBXBuildFile; fileRef = D5AECFFD27D55AEA00FBEE17 /* Skill.swift */; };
		D5AED00027D55B0900FBEE17 /* Application.swift in Sources */ = {isa = PBXBuildFile; fileRef = D5AECFFF27D55B0900FBEE17 /* Application.swift */; };
		D5AED00227D55B1900FBEE17 /* Response.swift in Sources */ = {isa = PBXBuildFile; fileRef = D5AED00127D55B1900FBEE17 /* Response.swift */; };
		D5AED00427D55B8100FBEE17 /* Offer.swift in Sources */ = {isa = PBXBuildFile; fileRef = D5AED00327D55B8100FBEE17 /* Offer.swift */; };
		D5AED00627D55C0500FBEE17 /* Role.swift in Sources */ = {isa = PBXBuildFile; fileRef = D5AED00527D55C0500FBEE17 /* Role.swift */; };
		D5B92E7C27F6C446005E3E70 /* EmployeeDetailsView.swift in Sources */ = {isa = PBXBuildFile; fileRef = D5B92E7B27F6C446005E3E70 /* EmployeeDetailsView.swift */; };
		D5B92E7E27F6C6B9005E3E70 /* ProjectViewModel.swift in Sources */ = {isa = PBXBuildFile; fileRef = D5B92E7D27F6C6B9005E3E70 /* ProjectViewModel.swift */; };
		D5B92E8027F6C71B005E3E70 /* ProjectDetailView.swift in Sources */ = {isa = PBXBuildFile; fileRef = D5B92E7F27F6C71B005E3E70 /* ProjectDetailView.swift */; };
		D5B92E8227F6C898005E3E70 /* OfferDetailView.swift in Sources */ = {isa = PBXBuildFile; fileRef = D5B92E8127F6C898005E3E70 /* OfferDetailView.swift */; };
		D5B92E8427F6C8CE005E3E70 /* OfferViewModel.swift in Sources */ = {isa = PBXBuildFile; fileRef = D5B92E8327F6C8CE005E3E70 /* OfferViewModel.swift */; };
		D5BFA1B027EA862C007A872A /* Technology.swift in Sources */ = {isa = PBXBuildFile; fileRef = D5BFA1AF27EA862C007A872A /* Technology.swift */; };
		D5BFA1B227EA8724007A872A /* EmployeeCellView.swift in Sources */ = {isa = PBXBuildFile; fileRef = D5BFA1B127EA8724007A872A /* EmployeeCellView.swift */; };
		D5BFA1B427EA8737007A872A /* ProjectCellView.swift in Sources */ = {isa = PBXBuildFile; fileRef = D5BFA1B327EA8737007A872A /* ProjectCellView.swift */; };
		D5BFA1B927EA899E007A872A /* LavoroTextField.swift in Sources */ = {isa = PBXBuildFile; fileRef = D5BFA1B827EA899E007A872A /* LavoroTextField.swift */; };
		D5BFA1BB27EA89C2007A872A /* LavoroCounterTextField.swift in Sources */ = {isa = PBXBuildFile; fileRef = D5BFA1BA27EA89C2007A872A /* LavoroCounterTextField.swift */; };
		D5BFA1BD27EA89F3007A872A /* LavoroButton.swift in Sources */ = {isa = PBXBuildFile; fileRef = D5BFA1BC27EA89F3007A872A /* LavoroButton.swift */; };
		D5C62F3427F209E4004AEFA5 /* LavoroTextFieldStyle.swift in Sources */ = {isa = PBXBuildFile; fileRef = D5C62F3327F209E4004AEFA5 /* LavoroTextFieldStyle.swift */; };
		D5C62F3627F20A51004AEFA5 /* LavoroMultilineTextField.swift in Sources */ = {isa = PBXBuildFile; fileRef = D5C62F3527F20A51004AEFA5 /* LavoroMultilineTextField.swift */; };
		D5C9B3C527EF73C60011AE7F /* AccountUIView.swift in Sources */ = {isa = PBXBuildFile; fileRef = D5C9B3C427EF73C50011AE7F /* AccountUIView.swift */; };
		D5C9B3D627EFA5A40011AE7F /* OfferCellView.swift in Sources */ = {isa = PBXBuildFile; fileRef = D5C9B3D527EFA5A40011AE7F /* OfferCellView.swift */; };
		D5C9B3D727EFA5A40011AE7F /* OfferCellView.swift in Sources */ = {isa = PBXBuildFile; fileRef = D5C9B3D527EFA5A40011AE7F /* OfferCellView.swift */; };
		D5D4CAA427F855310040F3F0 /* RoundedShape.swift in Sources */ = {isa = PBXBuildFile; fileRef = D5D4CAA327F855310040F3F0 /* RoundedShape.swift */; };
		D5D4CAA627F8BC110040F3F0 /* UIImage+Brightness.swift in Sources */ = {isa = PBXBuildFile; fileRef = D5D4CAA527F8BC110040F3F0 /* UIImage+Brightness.swift */; };
		D5D4CAA827F912260040F3F0 /* OfferDescriptionView.swift in Sources */ = {isa = PBXBuildFile; fileRef = D5D4CAA727F912260040F3F0 /* OfferDescriptionView.swift */; };
		D5D4CAAA27F912B40040F3F0 /* ProjectDescriptionView.swift in Sources */ = {isa = PBXBuildFile; fileRef = D5D4CAA927F912B40040F3F0 /* ProjectDescriptionView.swift */; };
		D5D4CAAC27F912C20040F3F0 /* ApplicationView.swift in Sources */ = {isa = PBXBuildFile; fileRef = D5D4CAAB27F912C20040F3F0 /* ApplicationView.swift */; };
		D5D4CAAF27F914DB0040F3F0 /* LavoroLabeledText.swift in Sources */ = {isa = PBXBuildFile; fileRef = D5D4CAAE27F914DB0040F3F0 /* LavoroLabeledText.swift */; };
		D5D4CAB227F935460040F3F0 /* TechSetListView.swift in Sources */ = {isa = PBXBuildFile; fileRef = D5D4CAB127F935460040F3F0 /* TechSetListView.swift */; };
		D5D4CAB427F935560040F3F0 /* TechCellView.swift in Sources */ = {isa = PBXBuildFile; fileRef = D5D4CAB327F935560040F3F0 /* TechCellView.swift */; };
		D5D4CAB627F936720040F3F0 /* Skill+Definition.swift in Sources */ = {isa = PBXBuildFile; fileRef = D5D4CAB527F936720040F3F0 /* Skill+Definition.swift */; };
		D5D4CAB827F93D800040F3F0 /* Technology+Definition.swift in Sources */ = {isa = PBXBuildFile; fileRef = D5D4CAB727F93D800040F3F0 /* Technology+Definition.swift */; };
		D5E25FDC27D4C567001CA5B1 /* io_LavoroApp.swift in Sources */ = {isa = PBXBuildFile; fileRef = D5E25FDB27D4C567001CA5B1 /* io_LavoroApp.swift */; };
		D5E25FDE27D4C567001CA5B1 /* ContentView.swift in Sources */ = {isa = PBXBuildFile; fileRef = D5E25FDD27D4C567001CA5B1 /* ContentView.swift */; };
		D5E25FE027D4C569001CA5B1 /* Assets.xcassets in Resources */ = {isa = PBXBuildFile; fileRef = D5E25FDF27D4C569001CA5B1 /* Assets.xcassets */; };
		D5E25FE327D4C569001CA5B1 /* Preview Assets.xcassets in Resources */ = {isa = PBXBuildFile; fileRef = D5E25FE227D4C569001CA5B1 /* Preview Assets.xcassets */; };
		D5E25FED27D4C569001CA5B1 /* io_LavoroTests.swift in Sources */ = {isa = PBXBuildFile; fileRef = D5E25FEC27D4C569001CA5B1 /* io_LavoroTests.swift */; };
		D5E25FF727D4C569001CA5B1 /* io_LavoroUITests.swift in Sources */ = {isa = PBXBuildFile; fileRef = D5E25FF627D4C569001CA5B1 /* io_LavoroUITests.swift */; };
		D5E25FF927D4C569001CA5B1 /* io_LavoroUITestsLaunchTests.swift in Sources */ = {isa = PBXBuildFile; fileRef = D5E25FF827D4C569001CA5B1 /* io_LavoroUITestsLaunchTests.swift */; };
		D5E2600727D4C5E7001CA5B1 /* HomeUIView.swift in Sources */ = {isa = PBXBuildFile; fileRef = D5E2600627D4C5E6001CA5B1 /* HomeUIView.swift */; };
		D5EF1866280304EB003F4E94 /* WrappedAccount.swift in Sources */ = {isa = PBXBuildFile; fileRef = D5EF1865280304EB003F4E94 /* WrappedAccount.swift */; };
		D5EF186F28031C08003F4E94 /* LavoroTitledText.swift in Sources */ = {isa = PBXBuildFile; fileRef = D5EF186E28031C08003F4E94 /* LavoroTitledText.swift */; };
/* End PBXBuildFile section */

/* Begin PBXContainerItemProxy section */
		D5E25FE927D4C569001CA5B1 /* PBXContainerItemProxy */ = {
			isa = PBXContainerItemProxy;
			containerPortal = D5E25FD027D4C567001CA5B1 /* Project object */;
			proxyType = 1;
			remoteGlobalIDString = D5E25FD727D4C567001CA5B1;
			remoteInfo = io.Lavoro;
		};
		D5E25FF327D4C569001CA5B1 /* PBXContainerItemProxy */ = {
			isa = PBXContainerItemProxy;
			containerPortal = D5E25FD027D4C567001CA5B1 /* Project object */;
			proxyType = 1;
			remoteGlobalIDString = D5E25FD727D4C567001CA5B1;
			remoteInfo = io.Lavoro;
		};
/* End PBXContainerItemProxy section */

/* Begin PBXFileReference section */
		D53FCA5528049FD40078323A /* Endpoint.swift */ = {isa = PBXFileReference; lastKnownFileType = sourcecode.swift; path = Endpoint.swift; sourceTree = "<group>"; };
		D53FCA5728049FF80078323A /* HTTPClient.swift */ = {isa = PBXFileReference; lastKnownFileType = sourcecode.swift; path = HTTPClient.swift; sourceTree = "<group>"; };
		D53FCA592804A0200078323A /* RequestMethod.swift */ = {isa = PBXFileReference; lastKnownFileType = sourcecode.swift; path = RequestMethod.swift; sourceTree = "<group>"; };
		D53FCA5B2804A0380078323A /* RequestError.swift */ = {isa = PBXFileReference; lastKnownFileType = sourcecode.swift; path = RequestError.swift; sourceTree = "<group>"; };
		D53FCA5E2804A0A80078323A /* LavoroEndpoints.swift */ = {isa = PBXFileReference; lastKnownFileType = sourcecode.swift; path = LavoroEndpoints.swift; sourceTree = "<group>"; };
		D53FCA612804A0EC0078323A /* LavoroService.swift */ = {isa = PBXFileReference; lastKnownFileType = sourcecode.swift; path = LavoroService.swift; sourceTree = "<group>"; };
		D53FCA632804A6590078323A /* UIImage+Codable.swift */ = {isa = PBXFileReference; lastKnownFileType = sourcecode.swift; path = "UIImage+Codable.swift"; sourceTree = "<group>"; };
		D53FCA652804A7320078323A /* UIImage+Data.swift */ = {isa = PBXFileReference; lastKnownFileType = sourcecode.swift; path = "UIImage+Data.swift"; sourceTree = "<group>"; };
		D544724727EFE68E00421940 /* OfferListUIView.swift */ = {isa = PBXFileReference; lastKnownFileType = sourcecode.swift; path = OfferListUIView.swift; sourceTree = "<group>"; };
		D544724B27F0431C00421940 /* EmployeeHomeView.swift */ = {isa = PBXFileReference; lastKnownFileType = sourcecode.swift; path = EmployeeHomeView.swift; sourceTree = "<group>"; };
		D544724F27F04D0F00421940 /* EmployeeViewModel.swift */ = {isa = PBXFileReference; lastKnownFileType = sourcecode.swift; path = EmployeeViewModel.swift; sourceTree = "<group>"; };
		D544725327F0571D00421940 /* EmployeeParametersView.swift */ = {isa = PBXFileReference; lastKnownFileType = sourcecode.swift; path = EmployeeParametersView.swift; sourceTree = "<group>"; };
		D5466F0F27EEF99300720F80 /* TabBar.swift */ = {isa = PBXFileReference; lastKnownFileType = sourcecode.swift; path = TabBar.swift; sourceTree = "<group>"; };
		D5466F1427EF17C900720F80 /* OptionsView.swift */ = {isa = PBXFileReference; lastKnownFileType = sourcecode.swift; path = OptionsView.swift; sourceTree = "<group>"; };
		D5472C5628061B0E00107D88 /* Montserrat-Medium.ttf */ = {isa = PBXFileReference; lastKnownFileType = file; path = "Montserrat-Medium.ttf"; sourceTree = "<group>"; };
		D5472C5728061B0F00107D88 /* Montserrat-Bold.ttf */ = {isa = PBXFileReference; lastKnownFileType = file; path = "Montserrat-Bold.ttf"; sourceTree = "<group>"; };
		D5472C5828061B0F00107D88 /* Montserrat-Regular.ttf */ = {isa = PBXFileReference; lastKnownFileType = file; path = "Montserrat-Regular.ttf"; sourceTree = "<group>"; };
		D5472C5928061B0F00107D88 /* Montserrat-SemiBold.ttf */ = {isa = PBXFileReference; lastKnownFileType = file; path = "Montserrat-SemiBold.ttf"; sourceTree = "<group>"; };
		D54A3A0527F98F2400104A06 /* SkillSetListView.swift */ = {isa = PBXFileReference; lastKnownFileType = sourcecode.swift; path = SkillSetListView.swift; sourceTree = "<group>"; };
		D54A3A0727F98F3100104A06 /* SkillCellView.swift */ = {isa = PBXFileReference; lastKnownFileType = sourcecode.swift; path = SkillCellView.swift; sourceTree = "<group>"; };
		D570CB3627E7CFB300155781 /* WebService.swift */ = {isa = PBXFileReference; lastKnownFileType = sourcecode.swift; path = WebService.swift; sourceTree = "<group>"; };
		D570CB3827E7D00600155781 /* User.swift */ = {isa = PBXFileReference; lastKnownFileType = sourcecode.swift; path = User.swift; sourceTree = "<group>"; };
		D570CB3B27E7D08500155781 /* LoginViewModel.swift */ = {isa = PBXFileReference; lastKnownFileType = sourcecode.swift; path = LoginViewModel.swift; sourceTree = "<group>"; };
		D57F297727D568BB00703726 /* Literals.swift */ = {isa = PBXFileReference; lastKnownFileType = sourcecode.swift; path = Literals.swift; sourceTree = "<group>"; };
		D5AECFE927D5588500FBEE17 /* RegistrationUIView.swift */ = {isa = PBXFileReference; lastKnownFileType = sourcecode.swift; path = RegistrationUIView.swift; sourceTree = "<group>"; };
		D5AECFEB27D558BE00FBEE17 /* MainUIView.swift */ = {isa = PBXFileReference; lastKnownFileType = sourcecode.swift; path = MainUIView.swift; sourceTree = "<group>"; };
		D5AECFED27D5590500FBEE17 /* EmployeesListUIView.swift */ = {isa = PBXFileReference; lastKnownFileType = sourcecode.swift; path = EmployeesListUIView.swift; sourceTree = "<group>"; };
		D5AECFEF27D5591500FBEE17 /* ProjectsListUIView.swift */ = {isa = PBXFileReference; lastKnownFileType = sourcecode.swift; path = ProjectsListUIView.swift; sourceTree = "<group>"; };
		D5AECFF127D5594A00FBEE17 /* ParametersFormUIView.swift */ = {isa = PBXFileReference; lastKnownFileType = sourcecode.swift; path = ParametersFormUIView.swift; sourceTree = "<group>"; };
		D5AECFF527D55A5E00FBEE17 /* UserLogin.swift */ = {isa = PBXFileReference; lastKnownFileType = sourcecode.swift; path = UserLogin.swift; sourceTree = "<group>"; };
		D5AECFF727D55A7600FBEE17 /* UserRegister.swift */ = {isa = PBXFileReference; lastKnownFileType = sourcecode.swift; path = UserRegister.swift; sourceTree = "<group>"; };
		D5AECFF927D55ABF00FBEE17 /* Applicant.swift */ = {isa = PBXFileReference; lastKnownFileType = sourcecode.swift; path = Applicant.swift; sourceTree = "<group>"; };
		D5AECFFB27D55ACE00FBEE17 /* Project.swift */ = {isa = PBXFileReference; lastKnownFileType = sourcecode.swift; path = Project.swift; sourceTree = "<group>"; };
		D5AECFFD27D55AEA00FBEE17 /* Skill.swift */ = {isa = PBXFileReference; lastKnownFileType = sourcecode.swift; path = Skill.swift; sourceTree = "<group>"; };
		D5AECFFF27D55B0900FBEE17 /* Application.swift */ = {isa = PBXFileReference; lastKnownFileType = sourcecode.swift; path = Application.swift; sourceTree = "<group>"; };
		D5AED00127D55B1900FBEE17 /* Response.swift */ = {isa = PBXFileReference; lastKnownFileType = sourcecode.swift; path = Response.swift; sourceTree = "<group>"; };
		D5AED00327D55B8100FBEE17 /* Offer.swift */ = {isa = PBXFileReference; lastKnownFileType = sourcecode.swift; path = Offer.swift; sourceTree = "<group>"; };
		D5AED00527D55C0500FBEE17 /* Role.swift */ = {isa = PBXFileReference; lastKnownFileType = sourcecode.swift; path = Role.swift; sourceTree = "<group>"; };
		D5B92E7B27F6C446005E3E70 /* EmployeeDetailsView.swift */ = {isa = PBXFileReference; lastKnownFileType = sourcecode.swift; path = EmployeeDetailsView.swift; sourceTree = "<group>"; };
		D5B92E7D27F6C6B9005E3E70 /* ProjectViewModel.swift */ = {isa = PBXFileReference; lastKnownFileType = sourcecode.swift; path = ProjectViewModel.swift; sourceTree = "<group>"; };
		D5B92E7F27F6C71B005E3E70 /* ProjectDetailView.swift */ = {isa = PBXFileReference; lastKnownFileType = sourcecode.swift; path = ProjectDetailView.swift; sourceTree = "<group>"; };
		D5B92E8127F6C898005E3E70 /* OfferDetailView.swift */ = {isa = PBXFileReference; lastKnownFileType = sourcecode.swift; path = OfferDetailView.swift; sourceTree = "<group>"; };
		D5B92E8327F6C8CE005E3E70 /* OfferViewModel.swift */ = {isa = PBXFileReference; lastKnownFileType = sourcecode.swift; path = OfferViewModel.swift; sourceTree = "<group>"; };
		D5BFA1AF27EA862C007A872A /* Technology.swift */ = {isa = PBXFileReference; lastKnownFileType = sourcecode.swift; path = Technology.swift; sourceTree = "<group>"; };
		D5BFA1B127EA8724007A872A /* EmployeeCellView.swift */ = {isa = PBXFileReference; lastKnownFileType = sourcecode.swift; path = EmployeeCellView.swift; sourceTree = "<group>"; };
		D5BFA1B327EA8737007A872A /* ProjectCellView.swift */ = {isa = PBXFileReference; lastKnownFileType = sourcecode.swift; path = ProjectCellView.swift; sourceTree = "<group>"; };
		D5BFA1B827EA899E007A872A /* LavoroTextField.swift */ = {isa = PBXFileReference; lastKnownFileType = sourcecode.swift; path = LavoroTextField.swift; sourceTree = "<group>"; };
		D5BFA1BA27EA89C2007A872A /* LavoroCounterTextField.swift */ = {isa = PBXFileReference; lastKnownFileType = sourcecode.swift; path = LavoroCounterTextField.swift; sourceTree = "<group>"; };
		D5BFA1BC27EA89F3007A872A /* LavoroButton.swift */ = {isa = PBXFileReference; lastKnownFileType = sourcecode.swift; path = LavoroButton.swift; sourceTree = "<group>"; };
		D5C62F3327F209E4004AEFA5 /* LavoroTextFieldStyle.swift */ = {isa = PBXFileReference; lastKnownFileType = sourcecode.swift; path = LavoroTextFieldStyle.swift; sourceTree = "<group>"; };
		D5C62F3527F20A51004AEFA5 /* LavoroMultilineTextField.swift */ = {isa = PBXFileReference; lastKnownFileType = sourcecode.swift; path = LavoroMultilineTextField.swift; sourceTree = "<group>"; };
		D5C9B3C427EF73C50011AE7F /* AccountUIView.swift */ = {isa = PBXFileReference; lastKnownFileType = sourcecode.swift; path = AccountUIView.swift; sourceTree = "<group>"; };
		D5C9B3D327EF930B0011AE7F /* io-Lavoro-Info.plist */ = {isa = PBXFileReference; lastKnownFileType = text.plist; path = "io-Lavoro-Info.plist"; sourceTree = SOURCE_ROOT; };
		D5C9B3D527EFA5A40011AE7F /* OfferCellView.swift */ = {isa = PBXFileReference; lastKnownFileType = sourcecode.swift; path = OfferCellView.swift; sourceTree = "<group>"; };
		D5D4CAA327F855310040F3F0 /* RoundedShape.swift */ = {isa = PBXFileReference; lastKnownFileType = sourcecode.swift; path = RoundedShape.swift; sourceTree = "<group>"; };
		D5D4CAA527F8BC110040F3F0 /* UIImage+Brightness.swift */ = {isa = PBXFileReference; lastKnownFileType = sourcecode.swift; path = "UIImage+Brightness.swift"; sourceTree = "<group>"; };
		D5D4CAA727F912260040F3F0 /* OfferDescriptionView.swift */ = {isa = PBXFileReference; lastKnownFileType = sourcecode.swift; path = OfferDescriptionView.swift; sourceTree = "<group>"; };
		D5D4CAA927F912B40040F3F0 /* ProjectDescriptionView.swift */ = {isa = PBXFileReference; lastKnownFileType = sourcecode.swift; path = ProjectDescriptionView.swift; sourceTree = "<group>"; };
		D5D4CAAB27F912C20040F3F0 /* ApplicationView.swift */ = {isa = PBXFileReference; lastKnownFileType = sourcecode.swift; path = ApplicationView.swift; sourceTree = "<group>"; };
		D5D4CAAE27F914DB0040F3F0 /* LavoroLabeledText.swift */ = {isa = PBXFileReference; lastKnownFileType = sourcecode.swift; path = LavoroLabeledText.swift; sourceTree = "<group>"; };
		D5D4CAB127F935460040F3F0 /* TechSetListView.swift */ = {isa = PBXFileReference; lastKnownFileType = sourcecode.swift; path = TechSetListView.swift; sourceTree = "<group>"; };
		D5D4CAB327F935560040F3F0 /* TechCellView.swift */ = {isa = PBXFileReference; lastKnownFileType = sourcecode.swift; path = TechCellView.swift; sourceTree = "<group>"; };
		D5D4CAB527F936720040F3F0 /* Skill+Definition.swift */ = {isa = PBXFileReference; lastKnownFileType = sourcecode.swift; path = "Skill+Definition.swift"; sourceTree = "<group>"; };
		D5D4CAB727F93D800040F3F0 /* Technology+Definition.swift */ = {isa = PBXFileReference; lastKnownFileType = sourcecode.swift; path = "Technology+Definition.swift"; sourceTree = "<group>"; };
		D5E25FD827D4C567001CA5B1 /* io.Lavoro.app */ = {isa = PBXFileReference; explicitFileType = wrapper.application; includeInIndex = 0; path = io.Lavoro.app; sourceTree = BUILT_PRODUCTS_DIR; };
		D5E25FDB27D4C567001CA5B1 /* io_LavoroApp.swift */ = {isa = PBXFileReference; lastKnownFileType = sourcecode.swift; path = io_LavoroApp.swift; sourceTree = "<group>"; };
		D5E25FDD27D4C567001CA5B1 /* ContentView.swift */ = {isa = PBXFileReference; lastKnownFileType = sourcecode.swift; path = ContentView.swift; sourceTree = "<group>"; };
		D5E25FDF27D4C569001CA5B1 /* Assets.xcassets */ = {isa = PBXFileReference; lastKnownFileType = folder.assetcatalog; path = Assets.xcassets; sourceTree = "<group>"; };
		D5E25FE227D4C569001CA5B1 /* Preview Assets.xcassets */ = {isa = PBXFileReference; lastKnownFileType = folder.assetcatalog; path = "Preview Assets.xcassets"; sourceTree = "<group>"; };
		D5E25FE827D4C569001CA5B1 /* io.LavoroTests.xctest */ = {isa = PBXFileReference; explicitFileType = wrapper.cfbundle; includeInIndex = 0; path = io.LavoroTests.xctest; sourceTree = BUILT_PRODUCTS_DIR; };
		D5E25FEC27D4C569001CA5B1 /* io_LavoroTests.swift */ = {isa = PBXFileReference; lastKnownFileType = sourcecode.swift; path = io_LavoroTests.swift; sourceTree = "<group>"; };
		D5E25FF227D4C569001CA5B1 /* io.LavoroUITests.xctest */ = {isa = PBXFileReference; explicitFileType = wrapper.cfbundle; includeInIndex = 0; path = io.LavoroUITests.xctest; sourceTree = BUILT_PRODUCTS_DIR; };
		D5E25FF627D4C569001CA5B1 /* io_LavoroUITests.swift */ = {isa = PBXFileReference; lastKnownFileType = sourcecode.swift; path = io_LavoroUITests.swift; sourceTree = "<group>"; };
		D5E25FF827D4C569001CA5B1 /* io_LavoroUITestsLaunchTests.swift */ = {isa = PBXFileReference; lastKnownFileType = sourcecode.swift; path = io_LavoroUITestsLaunchTests.swift; sourceTree = "<group>"; };
		D5E2600627D4C5E6001CA5B1 /* HomeUIView.swift */ = {isa = PBXFileReference; lastKnownFileType = sourcecode.swift; path = HomeUIView.swift; sourceTree = "<group>"; };
		D5EF1865280304EB003F4E94 /* WrappedAccount.swift */ = {isa = PBXFileReference; lastKnownFileType = sourcecode.swift; path = WrappedAccount.swift; sourceTree = "<group>"; };
		D5EF186E28031C08003F4E94 /* LavoroTitledText.swift */ = {isa = PBXFileReference; lastKnownFileType = sourcecode.swift; path = LavoroTitledText.swift; sourceTree = "<group>"; };
/* End PBXFileReference section */

/* Begin PBXFrameworksBuildPhase section */
		D5E25FD527D4C567001CA5B1 /* Frameworks */ = {
			isa = PBXFrameworksBuildPhase;
			buildActionMask = 2147483647;
			files = (
				D5466F1327EF171C00720F80 /* FacebookLogin in Frameworks */,
			);
			runOnlyForDeploymentPostprocessing = 0;
		};
		D5E25FE527D4C569001CA5B1 /* Frameworks */ = {
			isa = PBXFrameworksBuildPhase;
			buildActionMask = 2147483647;
			files = (
			);
			runOnlyForDeploymentPostprocessing = 0;
		};
		D5E25FEF27D4C569001CA5B1 /* Frameworks */ = {
			isa = PBXFrameworksBuildPhase;
			buildActionMask = 2147483647;
			files = (
			);
			runOnlyForDeploymentPostprocessing = 0;
		};
/* End PBXFrameworksBuildPhase section */

/* Begin PBXGroup section */
		D515FF302807542A0046A417 /* Base */ = {
			isa = PBXGroup;
			children = (
				D5466F1427EF17C900720F80 /* OptionsView.swift */,
				D5E25FDD27D4C567001CA5B1 /* ContentView.swift */,
				D5AECFEB27D558BE00FBEE17 /* MainUIView.swift */,
			);
			path = Base;
			sourceTree = "<group>";
		};
		D515FF31280754D50046A417 /* Account */ = {
			isa = PBXGroup;
			children = (
				D5C9B3C427EF73C50011AE7F /* AccountUIView.swift */,
			);
			path = Account;
			sourceTree = "<group>";
		};
		D53FCA5328049FAA0078323A /* Network */ = {
			isa = PBXGroup;
			children = (
				D53FCA5D2804A0870078323A /* Endpoints */,
				D53FCA5428049FBA0078323A /* Base */,
			);
			path = Network;
			sourceTree = "<group>";
		};
		D53FCA5428049FBA0078323A /* Base */ = {
			isa = PBXGroup;
			children = (
				D53FCA5528049FD40078323A /* Endpoint.swift */,
				D53FCA5728049FF80078323A /* HTTPClient.swift */,
				D53FCA592804A0200078323A /* RequestMethod.swift */,
				D53FCA5B2804A0380078323A /* RequestError.swift */,
			);
			path = Base;
			sourceTree = "<group>";
		};
		D53FCA5D2804A0870078323A /* Endpoints */ = {
			isa = PBXGroup;
			children = (
				D53FCA5E2804A0A80078323A /* LavoroEndpoints.swift */,
				D53FCA612804A0EC0078323A /* LavoroService.swift */,
			);
			path = Endpoints;
			sourceTree = "<group>";
		};
		D54A3A0427F98EFF00104A06 /* Skills */ = {
			isa = PBXGroup;
			children = (
				D54A3A0527F98F2400104A06 /* SkillSetListView.swift */,
				D54A3A0727F98F3100104A06 /* SkillCellView.swift */,
			);
			path = Skills;
			sourceTree = "<group>";
		};
		D570CB3527E7CF9400155781 /* Service */ = {
			isa = PBXGroup;
			children = (
				D53FCA5328049FAA0078323A /* Network */,
				D570CB3627E7CFB300155781 /* WebService.swift */,
			);
			path = Service;
			sourceTree = "<group>";
		};
		D570CB3A27E7D06E00155781 /* ViewModels */ = {
			isa = PBXGroup;
			children = (
				D570CB3B27E7D08500155781 /* LoginViewModel.swift */,
			);
			path = ViewModels;
			sourceTree = "<group>";
		};
		D5AECFF327D559C000FBEE17 /* Authorization */ = {
			isa = PBXGroup;
			children = (
				D5E2600627D4C5E6001CA5B1 /* HomeUIView.swift */,
				D5AECFE927D5588500FBEE17 /* RegistrationUIView.swift */,
			);
			path = Authorization;
			sourceTree = "<group>";
		};
		D5AECFF427D55A3200FBEE17 /* Models */ = {
			isa = PBXGroup;
			children = (
				D5EF186A280305DF003F4E94 /* User */,
				D5EF1868280305AB003F4E94 /* Account */,
				D5EF18672803059D003F4E94 /* Skill */,
				D5AED00127D55B1900FBEE17 /* Response.swift */,
				D5AED00327D55B8100FBEE17 /* Offer.swift */,
				D5EF1869280305C6003F4E94 /* Technology */,
				D5AECFFF27D55B0900FBEE17 /* Application.swift */,
			);
			path = Models;
			sourceTree = "<group>";
		};
		D5BFA1B527EA8828007A872A /* Project list */ = {
			isa = PBXGroup;
			children = (
				D5EF186B2803062B003F4E94 /* View */,
				D5B92E7D27F6C6B9005E3E70 /* ProjectViewModel.swift */,
			);
			path = "Project list";
			sourceTree = "<group>";
		};
		D5BFA1B627EA8866007A872A /* Employee List */ = {
			isa = PBXGroup;
			children = (
				D5BFA1B127EA8724007A872A /* EmployeeCellView.swift */,
				D5AECFED27D5590500FBEE17 /* EmployeesListUIView.swift */,
				D544724B27F0431C00421940 /* EmployeeHomeView.swift */,
				D544724F27F04D0F00421940 /* EmployeeViewModel.swift */,
				D544725327F0571D00421940 /* EmployeeParametersView.swift */,
			);
			path = "Employee List";
			sourceTree = "<group>";
		};
		D5BFA1B727EA8974007A872A /* LavoroUI */ = {
			isa = PBXGroup;
			children = (
				D5472C5728061B0F00107D88 /* Montserrat-Bold.ttf */,
				D5472C5628061B0E00107D88 /* Montserrat-Medium.ttf */,
				D5472C5828061B0F00107D88 /* Montserrat-Regular.ttf */,
				D5472C5928061B0F00107D88 /* Montserrat-SemiBold.ttf */,
				D5BFA1BE27EA89FF007A872A /* Controls */,
				D5D4CAA327F855310040F3F0 /* RoundedShape.swift */,
				D5D4CAA527F8BC110040F3F0 /* UIImage+Brightness.swift */,
				D53FCA632804A6590078323A /* UIImage+Codable.swift */,
				D53FCA652804A7320078323A /* UIImage+Data.swift */,
			);
			path = LavoroUI;
			sourceTree = "<group>";
		};
		D5BFA1BE27EA89FF007A872A /* Controls */ = {
			isa = PBXGroup;
			children = (
				D5466F0F27EEF99300720F80 /* TabBar.swift */,
				D5BFA1B827EA899E007A872A /* LavoroTextField.swift */,
				D5BFA1BA27EA89C2007A872A /* LavoroCounterTextField.swift */,
				D5BFA1BC27EA89F3007A872A /* LavoroButton.swift */,
				D5C62F3327F209E4004AEFA5 /* LavoroTextFieldStyle.swift */,
				D5C62F3527F20A51004AEFA5 /* LavoroMultilineTextField.swift */,
				D5D4CAAE27F914DB0040F3F0 /* LavoroLabeledText.swift */,
				D5EF186E28031C08003F4E94 /* LavoroTitledText.swift */,
			);
			path = Controls;
			sourceTree = "<group>";
		};
		D5C9B3C627EF909F0011AE7F /* Resources */ = {
			isa = PBXGroup;
			children = (
				D5E25FDF27D4C569001CA5B1 /* Assets.xcassets */,
			);
			path = Resources;
			sourceTree = "<group>";
		};
		D5C9B3D427EFA5900011AE7F /* Offers list */ = {
			isa = PBXGroup;
			children = (
				D5EF186C28030645003F4E94 /* View */,
				D5B92E8327F6C8CE005E3E70 /* OfferViewModel.swift */,
			);
			path = "Offers list";
			sourceTree = "<group>";
		};
		D5D4CAA227F84E770040F3F0 /* Details */ = {
			isa = PBXGroup;
			children = (
				D5D4CAAD27F912C50040F3F0 /* Subviews */,
				D5B92E7B27F6C446005E3E70 /* EmployeeDetailsView.swift */,
				D5B92E7F27F6C71B005E3E70 /* ProjectDetailView.swift */,
				D5B92E8127F6C898005E3E70 /* OfferDetailView.swift */,
			);
			path = Details;
			sourceTree = "<group>";
		};
		D5D4CAAD27F912C50040F3F0 /* Subviews */ = {
			isa = PBXGroup;
			children = (
				D5D4CAA727F912260040F3F0 /* OfferDescriptionView.swift */,
				D5D4CAA927F912B40040F3F0 /* ProjectDescriptionView.swift */,
				D5D4CAAB27F912C20040F3F0 /* ApplicationView.swift */,
			);
			path = Subviews;
			sourceTree = "<group>";
		};
		D5D4CAB027F9352B0040F3F0 /* Techs */ = {
			isa = PBXGroup;
			children = (
				D5D4CAB127F935460040F3F0 /* TechSetListView.swift */,
				D5D4CAB327F935560040F3F0 /* TechCellView.swift */,
			);
			path = Techs;
			sourceTree = "<group>";
		};
		D5E25FCF27D4C567001CA5B1 = {
			isa = PBXGroup;
			children = (
				D5E25FDA27D4C567001CA5B1 /* io.Lavoro */,
				D5E25FEB27D4C569001CA5B1 /* io.LavoroTests */,
				D5E25FF527D4C569001CA5B1 /* io.LavoroUITests */,
				D5E25FD927D4C567001CA5B1 /* Products */,
			);
			sourceTree = "<group>";
		};
		D5E25FD927D4C567001CA5B1 /* Products */ = {
			isa = PBXGroup;
			children = (
				D5E25FD827D4C567001CA5B1 /* io.Lavoro.app */,
				D5E25FE827D4C569001CA5B1 /* io.LavoroTests.xctest */,
				D5E25FF227D4C569001CA5B1 /* io.LavoroUITests.xctest */,
			);
			name = Products;
			sourceTree = "<group>";
		};
		D5E25FDA27D4C567001CA5B1 /* io.Lavoro */ = {
			isa = PBXGroup;
			children = (
				D5C9B3D327EF930B0011AE7F /* io-Lavoro-Info.plist */,
				D5E25FDB27D4C567001CA5B1 /* io_LavoroApp.swift */,
				D57F297727D568BB00703726 /* Literals.swift */,
				D5C9B3C627EF909F0011AE7F /* Resources */,
				D5BFA1B727EA8974007A872A /* LavoroUI */,
				D570CB3A27E7D06E00155781 /* ViewModels */,
				D570CB3527E7CF9400155781 /* Service */,
				D5AECFF427D55A3200FBEE17 /* Models */,
				D5E2600527D4C5CF001CA5B1 /* View */,
				D5E25FE127D4C569001CA5B1 /* Preview Content */,
			);
			path = io.Lavoro;
			sourceTree = "<group>";
		};
		D5E25FE127D4C569001CA5B1 /* Preview Content */ = {
			isa = PBXGroup;
			children = (
				D5E25FE227D4C569001CA5B1 /* Preview Assets.xcassets */,
			);
			path = "Preview Content";
			sourceTree = "<group>";
		};
		D5E25FEB27D4C569001CA5B1 /* io.LavoroTests */ = {
			isa = PBXGroup;
			children = (
				D5E25FEC27D4C569001CA5B1 /* io_LavoroTests.swift */,
			);
			path = io.LavoroTests;
			sourceTree = "<group>";
		};
		D5E25FF527D4C569001CA5B1 /* io.LavoroUITests */ = {
			isa = PBXGroup;
			children = (
				D5E25FF627D4C569001CA5B1 /* io_LavoroUITests.swift */,
				D5E25FF827D4C569001CA5B1 /* io_LavoroUITestsLaunchTests.swift */,
			);
			path = io.LavoroUITests;
			sourceTree = "<group>";
		};
		D5E2600527D4C5CF001CA5B1 /* View */ = {
			isa = PBXGroup;
			children = (
				D515FF31280754D50046A417 /* Account */,
				D515FF302807542A0046A417 /* Base */,
				D54A3A0427F98EFF00104A06 /* Skills */,
				D5D4CAB027F9352B0040F3F0 /* Techs */,
				D5D4CAA227F84E770040F3F0 /* Details */,
				D5C9B3D427EFA5900011AE7F /* Offers list */,
				D5BFA1B627EA8866007A872A /* Employee List */,
				D5BFA1B527EA8828007A872A /* Project list */,
				D5AECFF327D559C000FBEE17 /* Authorization */,
				D5AECFF127D5594A00FBEE17 /* ParametersFormUIView.swift */,
			);
			path = View;
			sourceTree = "<group>";
		};
		D5EF18672803059D003F4E94 /* Skill */ = {
			isa = PBXGroup;
			children = (
				D5D4CAB527F936720040F3F0 /* Skill+Definition.swift */,
				D5AECFFD27D55AEA00FBEE17 /* Skill.swift */,
			);
			path = Skill;
			sourceTree = "<group>";
		};
		D5EF1868280305AB003F4E94 /* Account */ = {
			isa = PBXGroup;
			children = (
				D5AECFFB27D55ACE00FBEE17 /* Project.swift */,
				D5EF1865280304EB003F4E94 /* WrappedAccount.swift */,
				D5AECFF927D55ABF00FBEE17 /* Applicant.swift */,
				D570CB3827E7D00600155781 /* User.swift */,
			);
			path = Account;
			sourceTree = "<group>";
		};
		D5EF1869280305C6003F4E94 /* Technology */ = {
			isa = PBXGroup;
			children = (
				D5BFA1AF27EA862C007A872A /* Technology.swift */,
				D5D4CAB727F93D800040F3F0 /* Technology+Definition.swift */,
			);
			path = Technology;
			sourceTree = "<group>";
		};
		D5EF186A280305DF003F4E94 /* User */ = {
			isa = PBXGroup;
			children = (
				D5AECFF527D55A5E00FBEE17 /* UserLogin.swift */,
				D5AECFF727D55A7600FBEE17 /* UserRegister.swift */,
				D5AED00527D55C0500FBEE17 /* Role.swift */,
			);
			path = User;
			sourceTree = "<group>";
		};
		D5EF186B2803062B003F4E94 /* View */ = {
			isa = PBXGroup;
			children = (
				D5AECFEF27D5591500FBEE17 /* ProjectsListUIView.swift */,
				D5BFA1B327EA8737007A872A /* ProjectCellView.swift */,
			);
			path = View;
			sourceTree = "<group>";
		};
		D5EF186C28030645003F4E94 /* View */ = {
			isa = PBXGroup;
			children = (
				D544724727EFE68E00421940 /* OfferListUIView.swift */,
				D5C9B3D527EFA5A40011AE7F /* OfferCellView.swift */,
			);
			path = View;
			sourceTree = "<group>";
		};
/* End PBXGroup section */

/* Begin PBXNativeTarget section */
		D5E25FD727D4C567001CA5B1 /* io.Lavoro */ = {
			isa = PBXNativeTarget;
			buildConfigurationList = D5E25FFC27D4C569001CA5B1 /* Build configuration list for PBXNativeTarget "io.Lavoro" */;
			buildPhases = (
				D5E25FD427D4C567001CA5B1 /* Sources */,
				D5E25FD527D4C567001CA5B1 /* Frameworks */,
				D5E25FD627D4C567001CA5B1 /* Resources */,
			);
			buildRules = (
			);
			dependencies = (
			);
			name = io.Lavoro;
			packageProductDependencies = (
				D5466F1227EF171C00720F80 /* FacebookLogin */,
			);
			productName = io.Lavoro;
			productReference = D5E25FD827D4C567001CA5B1 /* io.Lavoro.app */;
			productType = "com.apple.product-type.application";
		};
		D5E25FE727D4C569001CA5B1 /* io.LavoroTests */ = {
			isa = PBXNativeTarget;
			buildConfigurationList = D5E25FFF27D4C569001CA5B1 /* Build configuration list for PBXNativeTarget "io.LavoroTests" */;
			buildPhases = (
				D5E25FE427D4C569001CA5B1 /* Sources */,
				D5E25FE527D4C569001CA5B1 /* Frameworks */,
				D5E25FE627D4C569001CA5B1 /* Resources */,
			);
			buildRules = (
			);
			dependencies = (
				D5E25FEA27D4C569001CA5B1 /* PBXTargetDependency */,
			);
			name = io.LavoroTests;
			productName = io.LavoroTests;
			productReference = D5E25FE827D4C569001CA5B1 /* io.LavoroTests.xctest */;
			productType = "com.apple.product-type.bundle.unit-test";
		};
		D5E25FF127D4C569001CA5B1 /* io.LavoroUITests */ = {
			isa = PBXNativeTarget;
			buildConfigurationList = D5E2600227D4C569001CA5B1 /* Build configuration list for PBXNativeTarget "io.LavoroUITests" */;
			buildPhases = (
				D5E25FEE27D4C569001CA5B1 /* Sources */,
				D5E25FEF27D4C569001CA5B1 /* Frameworks */,
				D5E25FF027D4C569001CA5B1 /* Resources */,
			);
			buildRules = (
			);
			dependencies = (
				D5E25FF427D4C569001CA5B1 /* PBXTargetDependency */,
			);
			name = io.LavoroUITests;
			productName = io.LavoroUITests;
			productReference = D5E25FF227D4C569001CA5B1 /* io.LavoroUITests.xctest */;
			productType = "com.apple.product-type.bundle.ui-testing";
		};
/* End PBXNativeTarget section */

/* Begin PBXProject section */
		D5E25FD027D4C567001CA5B1 /* Project object */ = {
			isa = PBXProject;
			attributes = {
				BuildIndependentTargetsInParallel = 1;
				LastSwiftUpdateCheck = 1320;
				LastUpgradeCheck = 1320;
				TargetAttributes = {
					D5E25FD727D4C567001CA5B1 = {
						CreatedOnToolsVersion = 13.2.1;
					};
					D5E25FE727D4C569001CA5B1 = {
						CreatedOnToolsVersion = 13.2.1;
						TestTargetID = D5E25FD727D4C567001CA5B1;
					};
					D5E25FF127D4C569001CA5B1 = {
						CreatedOnToolsVersion = 13.2.1;
						TestTargetID = D5E25FD727D4C567001CA5B1;
					};
				};
			};
			buildConfigurationList = D5E25FD327D4C567001CA5B1 /* Build configuration list for PBXProject "io.Lavoro" */;
			compatibilityVersion = "Xcode 13.0";
			developmentRegion = en;
			hasScannedForEncodings = 0;
			knownRegions = (
				en,
				Base,
			);
			mainGroup = D5E25FCF27D4C567001CA5B1;
			packageReferences = (
				D5BADE5527E98D7C00D9D4EE /* XCRemoteSwiftPackageReference "facebook-ios-sdk" */,
				D5466F1127EF171C00720F80 /* XCRemoteSwiftPackageReference "facebook-ios-sdk" */,
			);
			productRefGroup = D5E25FD927D4C567001CA5B1 /* Products */;
			projectDirPath = "";
			projectRoot = "";
			targets = (
				D5E25FD727D4C567001CA5B1 /* io.Lavoro */,
				D5E25FE727D4C569001CA5B1 /* io.LavoroTests */,
				D5E25FF127D4C569001CA5B1 /* io.LavoroUITests */,
			);
		};
/* End PBXProject section */

/* Begin PBXResourcesBuildPhase section */
		D5E25FD627D4C567001CA5B1 /* Resources */ = {
			isa = PBXResourcesBuildPhase;
			buildActionMask = 2147483647;
			files = (
				D5472C6028061B0F00107D88 /* Montserrat-SemiBold.ttf in Resources */,
				D5472C5C28061B0F00107D88 /* Montserrat-Bold.ttf in Resources */,
				D5E25FE327D4C569001CA5B1 /* Preview Assets.xcassets in Resources */,
				D5472C5A28061B0F00107D88 /* Montserrat-Medium.ttf in Resources */,
				D5472C5E28061B0F00107D88 /* Montserrat-Regular.ttf in Resources */,
				D5E25FE027D4C569001CA5B1 /* Assets.xcassets in Resources */,
			);
			runOnlyForDeploymentPostprocessing = 0;
		};
		D5E25FE627D4C569001CA5B1 /* Resources */ = {
			isa = PBXResourcesBuildPhase;
			buildActionMask = 2147483647;
			files = (
				D5472C5F28061B0F00107D88 /* Montserrat-Regular.ttf in Resources */,
				D5472C5D28061B0F00107D88 /* Montserrat-Bold.ttf in Resources */,
				D5472C6128061B0F00107D88 /* Montserrat-SemiBold.ttf in Resources */,
				D5472C5B28061B0F00107D88 /* Montserrat-Medium.ttf in Resources */,
			);
			runOnlyForDeploymentPostprocessing = 0;
		};
		D5E25FF027D4C569001CA5B1 /* Resources */ = {
			isa = PBXResourcesBuildPhase;
			buildActionMask = 2147483647;
			files = (
			);
			runOnlyForDeploymentPostprocessing = 0;
		};
/* End PBXResourcesBuildPhase section */

/* Begin PBXSourcesBuildPhase section */
		D5E25FD427D4C567001CA5B1 /* Sources */ = {
			isa = PBXSourcesBuildPhase;
			buildActionMask = 2147483647;
			files = (
				D5E25FDE27D4C567001CA5B1 /* ContentView.swift in Sources */,
				D5EF1866280304EB003F4E94 /* WrappedAccount.swift in Sources */,
				D5AECFFE27D55AEA00FBEE17 /* Skill.swift in Sources */,
				D5AED00627D55C0500FBEE17 /* Role.swift in Sources */,
				D5D4CAAC27F912C20040F3F0 /* ApplicationView.swift in Sources */,
				D53FCA5A2804A0200078323A /* RequestMethod.swift in Sources */,
				D5D4CAB427F935560040F3F0 /* TechCellView.swift in Sources */,
				D544725427F0571D00421940 /* EmployeeParametersView.swift in Sources */,
				D5AECFF227D5594A00FBEE17 /* ParametersFormUIView.swift in Sources */,
				D5BFA1B227EA8724007A872A /* EmployeeCellView.swift in Sources */,
				D5AECFF627D55A5E00FBEE17 /* UserLogin.swift in Sources */,
				D5D4CAB627F936720040F3F0 /* Skill+Definition.swift in Sources */,
				D5B92E8027F6C71B005E3E70 /* ProjectDetailView.swift in Sources */,
				D5AED00227D55B1900FBEE17 /* Response.swift in Sources */,
				D5B92E8227F6C898005E3E70 /* OfferDetailView.swift in Sources */,
				D5BFA1B927EA899E007A872A /* LavoroTextField.swift in Sources */,
				D53FCA622804A0EC0078323A /* LavoroService.swift in Sources */,
				D5466F1527EF17C900720F80 /* OptionsView.swift in Sources */,
				D5AECFF027D5591500FBEE17 /* ProjectsListUIView.swift in Sources */,
				D53FCA662804A7320078323A /* UIImage+Data.swift in Sources */,
				D5AECFFA27D55ABF00FBEE17 /* Applicant.swift in Sources */,
				D570CB3927E7D00600155781 /* User.swift in Sources */,
				D5D4CAB827F93D800040F3F0 /* Technology+Definition.swift in Sources */,
				D5E25FDC27D4C567001CA5B1 /* io_LavoroApp.swift in Sources */,
				D5D4CAA627F8BC110040F3F0 /* UIImage+Brightness.swift in Sources */,
				D5AED00427D55B8100FBEE17 /* Offer.swift in Sources */,
				D5D4CAAF27F914DB0040F3F0 /* LavoroLabeledText.swift in Sources */,
				D5AECFF827D55A7600FBEE17 /* UserRegister.swift in Sources */,
				D570CB3727E7CFB300155781 /* WebService.swift in Sources */,
				D57F297827D568BB00703726 /* Literals.swift in Sources */,
				D5AED00027D55B0900FBEE17 /* Application.swift in Sources */,
				D5C9B3D627EFA5A40011AE7F /* OfferCellView.swift in Sources */,
				D5D4CAA827F912260040F3F0 /* OfferDescriptionView.swift in Sources */,
				D5C9B3C527EF73C60011AE7F /* AccountUIView.swift in Sources */,
				D53FCA5628049FD40078323A /* Endpoint.swift in Sources */,
				D5EF186F28031C08003F4E94 /* LavoroTitledText.swift in Sources */,
				D5AECFEE27D5590500FBEE17 /* EmployeesListUIView.swift in Sources */,
				D53FCA5828049FF80078323A /* HTTPClient.swift in Sources */,
				D5C62F3627F20A51004AEFA5 /* LavoroMultilineTextField.swift in Sources */,
				D5AECFEC27D558BE00FBEE17 /* MainUIView.swift in Sources */,
				D5BFA1B427EA8737007A872A /* ProjectCellView.swift in Sources */,
				D544724827EFE68E00421940 /* OfferListUIView.swift in Sources */,
				D5BFA1BD27EA89F3007A872A /* LavoroButton.swift in Sources */,
				D5D4CAA427F855310040F3F0 /* RoundedShape.swift in Sources */,
				D5B92E7C27F6C446005E3E70 /* EmployeeDetailsView.swift in Sources */,
				D5B92E7E27F6C6B9005E3E70 /* ProjectViewModel.swift in Sources */,
				D53FCA642804A6590078323A /* UIImage+Codable.swift in Sources */,
				D5C62F3427F209E4004AEFA5 /* LavoroTextFieldStyle.swift in Sources */,
				D5D4CAB227F935460040F3F0 /* TechSetListView.swift in Sources */,
				D5E2600727D4C5E7001CA5B1 /* HomeUIView.swift in Sources */,
				D53FCA5F2804A0A80078323A /* LavoroEndpoints.swift in Sources */,
				D5BFA1BB27EA89C2007A872A /* LavoroCounterTextField.swift in Sources */,
				D5D4CAAA27F912B40040F3F0 /* ProjectDescriptionView.swift in Sources */,
				D5AECFEA27D5588500FBEE17 /* RegistrationUIView.swift in Sources */,
				D544725027F04D0F00421940 /* EmployeeViewModel.swift in Sources */,
				D544724C27F0431C00421940 /* EmployeeHomeView.swift in Sources */,
				D5BFA1B027EA862C007A872A /* Technology.swift in Sources */,
				D5AECFFC27D55ACE00FBEE17 /* Project.swift in Sources */,
				D570CB3C27E7D08500155781 /* LoginViewModel.swift in Sources */,
				D54A3A0827F98F3100104A06 /* SkillCellView.swift in Sources */,
				D53FCA5C2804A0380078323A /* RequestError.swift in Sources */,
				D54A3A0627F98F2400104A06 /* SkillSetListView.swift in Sources */,
				D5466F1027EEF99300720F80 /* TabBar.swift in Sources */,
				D5B92E8427F6C8CE005E3E70 /* OfferViewModel.swift in Sources */,
			);
			runOnlyForDeploymentPostprocessing = 0;
		};
		D5E25FE427D4C569001CA5B1 /* Sources */ = {
			isa = PBXSourcesBuildPhase;
			buildActionMask = 2147483647;
			files = (
				D5E25FED27D4C569001CA5B1 /* io_LavoroTests.swift in Sources */,
				D544724D27F0431C00421940 /* EmployeeHomeView.swift in Sources */,
				D544724927EFE68E00421940 /* OfferListUIView.swift in Sources */,
				D544725127F04D0F00421940 /* EmployeeViewModel.swift in Sources */,
				D544725527F0571D00421940 /* EmployeeParametersView.swift in Sources */,
				D5C9B3D727EFA5A40011AE7F /* OfferCellView.swift in Sources */,
			);
			runOnlyForDeploymentPostprocessing = 0;
		};
		D5E25FEE27D4C569001CA5B1 /* Sources */ = {
			isa = PBXSourcesBuildPhase;
			buildActionMask = 2147483647;
			files = (
				D5E25FF727D4C569001CA5B1 /* io_LavoroUITests.swift in Sources */,
				D544724E27F0431C00421940 /* EmployeeHomeView.swift in Sources */,
				D544725227F04D0F00421940 /* EmployeeViewModel.swift in Sources */,
				D544725627F0571D00421940 /* EmployeeParametersView.swift in Sources */,
				D5E25FF927D4C569001CA5B1 /* io_LavoroUITestsLaunchTests.swift in Sources */,
			);
			runOnlyForDeploymentPostprocessing = 0;
		};
/* End PBXSourcesBuildPhase section */

/* Begin PBXTargetDependency section */
		D5E25FEA27D4C569001CA5B1 /* PBXTargetDependency */ = {
			isa = PBXTargetDependency;
			target = D5E25FD727D4C567001CA5B1 /* io.Lavoro */;
			targetProxy = D5E25FE927D4C569001CA5B1 /* PBXContainerItemProxy */;
		};
		D5E25FF427D4C569001CA5B1 /* PBXTargetDependency */ = {
			isa = PBXTargetDependency;
			target = D5E25FD727D4C567001CA5B1 /* io.Lavoro */;
			targetProxy = D5E25FF327D4C569001CA5B1 /* PBXContainerItemProxy */;
		};
/* End PBXTargetDependency section */

/* Begin XCBuildConfiguration section */
		D5E25FFA27D4C569001CA5B1 /* Debug */ = {
			isa = XCBuildConfiguration;
			buildSettings = {
				ALWAYS_SEARCH_USER_PATHS = NO;
				CLANG_ANALYZER_NONNULL = YES;
				CLANG_ANALYZER_NUMBER_OBJECT_CONVERSION = YES_AGGRESSIVE;
				CLANG_CXX_LANGUAGE_STANDARD = "gnu++17";
				CLANG_CXX_LIBRARY = "libc++";
				CLANG_ENABLE_MODULES = YES;
				CLANG_ENABLE_OBJC_ARC = YES;
				CLANG_ENABLE_OBJC_WEAK = YES;
				CLANG_WARN_BLOCK_CAPTURE_AUTORELEASING = YES;
				CLANG_WARN_BOOL_CONVERSION = YES;
				CLANG_WARN_COMMA = YES;
				CLANG_WARN_CONSTANT_CONVERSION = YES;
				CLANG_WARN_DEPRECATED_OBJC_IMPLEMENTATIONS = YES;
				CLANG_WARN_DIRECT_OBJC_ISA_USAGE = YES_ERROR;
				CLANG_WARN_DOCUMENTATION_COMMENTS = YES;
				CLANG_WARN_EMPTY_BODY = YES;
				CLANG_WARN_ENUM_CONVERSION = YES;
				CLANG_WARN_INFINITE_RECURSION = YES;
				CLANG_WARN_INT_CONVERSION = YES;
				CLANG_WARN_NON_LITERAL_NULL_CONVERSION = YES;
				CLANG_WARN_OBJC_IMPLICIT_RETAIN_SELF = YES;
				CLANG_WARN_OBJC_LITERAL_CONVERSION = YES;
				CLANG_WARN_OBJC_ROOT_CLASS = YES_ERROR;
				CLANG_WARN_QUOTED_INCLUDE_IN_FRAMEWORK_HEADER = YES;
				CLANG_WARN_RANGE_LOOP_ANALYSIS = YES;
				CLANG_WARN_STRICT_PROTOTYPES = YES;
				CLANG_WARN_SUSPICIOUS_MOVE = YES;
				CLANG_WARN_UNGUARDED_AVAILABILITY = YES_AGGRESSIVE;
				CLANG_WARN_UNREACHABLE_CODE = YES;
				CLANG_WARN__DUPLICATE_METHOD_MATCH = YES;
				COPY_PHASE_STRIP = NO;
				DEBUG_INFORMATION_FORMAT = dwarf;
				ENABLE_STRICT_OBJC_MSGSEND = YES;
				ENABLE_TESTABILITY = YES;
				GCC_C_LANGUAGE_STANDARD = gnu11;
				GCC_DYNAMIC_NO_PIC = NO;
				GCC_NO_COMMON_BLOCKS = YES;
				GCC_OPTIMIZATION_LEVEL = 0;
				GCC_PREPROCESSOR_DEFINITIONS = (
					"DEBUG=1",
					"$(inherited)",
				);
				GCC_WARN_64_TO_32_BIT_CONVERSION = YES;
				GCC_WARN_ABOUT_RETURN_TYPE = YES_ERROR;
				GCC_WARN_UNDECLARED_SELECTOR = YES;
				GCC_WARN_UNINITIALIZED_AUTOS = YES_AGGRESSIVE;
				GCC_WARN_UNUSED_FUNCTION = YES;
				GCC_WARN_UNUSED_VARIABLE = YES;
				INFOPLIST_KEY_UILaunchScreen_Generation = YES;
				IPHONEOS_DEPLOYMENT_TARGET = 15.2;
				MTL_ENABLE_DEBUG_INFO = INCLUDE_SOURCE;
				MTL_FAST_MATH = YES;
				ONLY_ACTIVE_ARCH = YES;
				SDKROOT = iphoneos;
				SWIFT_ACTIVE_COMPILATION_CONDITIONS = DEBUG;
				SWIFT_OPTIMIZATION_LEVEL = "-Onone";
			};
			name = Debug;
		};
		D5E25FFB27D4C569001CA5B1 /* Release */ = {
			isa = XCBuildConfiguration;
			buildSettings = {
				ALWAYS_SEARCH_USER_PATHS = NO;
				CLANG_ANALYZER_NONNULL = YES;
				CLANG_ANALYZER_NUMBER_OBJECT_CONVERSION = YES_AGGRESSIVE;
				CLANG_CXX_LANGUAGE_STANDARD = "gnu++17";
				CLANG_CXX_LIBRARY = "libc++";
				CLANG_ENABLE_MODULES = YES;
				CLANG_ENABLE_OBJC_ARC = YES;
				CLANG_ENABLE_OBJC_WEAK = YES;
				CLANG_WARN_BLOCK_CAPTURE_AUTORELEASING = YES;
				CLANG_WARN_BOOL_CONVERSION = YES;
				CLANG_WARN_COMMA = YES;
				CLANG_WARN_CONSTANT_CONVERSION = YES;
				CLANG_WARN_DEPRECATED_OBJC_IMPLEMENTATIONS = YES;
				CLANG_WARN_DIRECT_OBJC_ISA_USAGE = YES_ERROR;
				CLANG_WARN_DOCUMENTATION_COMMENTS = YES;
				CLANG_WARN_EMPTY_BODY = YES;
				CLANG_WARN_ENUM_CONVERSION = YES;
				CLANG_WARN_INFINITE_RECURSION = YES;
				CLANG_WARN_INT_CONVERSION = YES;
				CLANG_WARN_NON_LITERAL_NULL_CONVERSION = YES;
				CLANG_WARN_OBJC_IMPLICIT_RETAIN_SELF = YES;
				CLANG_WARN_OBJC_LITERAL_CONVERSION = YES;
				CLANG_WARN_OBJC_ROOT_CLASS = YES_ERROR;
				CLANG_WARN_QUOTED_INCLUDE_IN_FRAMEWORK_HEADER = YES;
				CLANG_WARN_RANGE_LOOP_ANALYSIS = YES;
				CLANG_WARN_STRICT_PROTOTYPES = YES;
				CLANG_WARN_SUSPICIOUS_MOVE = YES;
				CLANG_WARN_UNGUARDED_AVAILABILITY = YES_AGGRESSIVE;
				CLANG_WARN_UNREACHABLE_CODE = YES;
				CLANG_WARN__DUPLICATE_METHOD_MATCH = YES;
				COPY_PHASE_STRIP = NO;
				DEBUG_INFORMATION_FORMAT = "dwarf-with-dsym";
				ENABLE_NS_ASSERTIONS = NO;
				ENABLE_STRICT_OBJC_MSGSEND = YES;
				GCC_C_LANGUAGE_STANDARD = gnu11;
				GCC_NO_COMMON_BLOCKS = YES;
				GCC_WARN_64_TO_32_BIT_CONVERSION = YES;
				GCC_WARN_ABOUT_RETURN_TYPE = YES_ERROR;
				GCC_WARN_UNDECLARED_SELECTOR = YES;
				GCC_WARN_UNINITIALIZED_AUTOS = YES_AGGRESSIVE;
				GCC_WARN_UNUSED_FUNCTION = YES;
				GCC_WARN_UNUSED_VARIABLE = YES;
				INFOPLIST_KEY_UILaunchScreen_Generation = YES;
				IPHONEOS_DEPLOYMENT_TARGET = 15.2;
				MTL_ENABLE_DEBUG_INFO = NO;
				MTL_FAST_MATH = YES;
				SDKROOT = iphoneos;
				SWIFT_COMPILATION_MODE = wholemodule;
				SWIFT_OPTIMIZATION_LEVEL = "-O";
				VALIDATE_PRODUCT = YES;
			};
			name = Release;
		};
		D5E25FFD27D4C569001CA5B1 /* Debug */ = {
			isa = XCBuildConfiguration;
			buildSettings = {
				ASSETCATALOG_COMPILER_APPICON_NAME = AppIcon;
				ASSETCATALOG_COMPILER_GLOBAL_ACCENT_COLOR_NAME = AccentColor;
				CODE_SIGN_STYLE = Automatic;
				CURRENT_PROJECT_VERSION = 1;
				DEVELOPMENT_ASSET_PATHS = "\"io.Lavoro/Preview Content\"";
				DEVELOPMENT_TEAM = WSTWL4B246;
				ENABLE_PREVIEWS = YES;
				GENERATE_INFOPLIST_FILE = YES;
				INFOPLIST_FILE = "io-Lavoro-Info.plist";
				INFOPLIST_KEY_NSFaceIDUsageDescription = "Разрешите вход в приложение с использованием Face ID";
				INFOPLIST_KEY_UIApplicationSupportsIndirectInputEvents = YES;
				INFOPLIST_KEY_UILaunchScreen_Generation = YES;
				INFOPLIST_KEY_UISupportedInterfaceOrientations_iPad = "UIInterfaceOrientationPortrait UIInterfaceOrientationPortraitUpsideDown UIInterfaceOrientationLandscapeLeft UIInterfaceOrientationLandscapeRight";
				INFOPLIST_KEY_UISupportedInterfaceOrientations_iPhone = "UIInterfaceOrientationPortrait UIInterfaceOrientationLandscapeLeft UIInterfaceOrientationLandscapeRight";
				IPHONEOS_DEPLOYMENT_TARGET = 15.2;
				LD_RUNPATH_SEARCH_PATHS = (
					"$(inherited)",
					"@executable_path/Frameworks",
				);
				MARKETING_VERSION = 1.0;
				PRODUCT_BUNDLE_IDENTIFIER = "dariavarabei.io-Lavoro";
				PRODUCT_NAME = "$(TARGET_NAME)";
				SWIFT_EMIT_LOC_STRINGS = YES;
				SWIFT_VERSION = 5.0;
				TARGETED_DEVICE_FAMILY = "1,2";
			};
			name = Debug;
		};
		D5E25FFE27D4C569001CA5B1 /* Release */ = {
			isa = XCBuildConfiguration;
			buildSettings = {
				ASSETCATALOG_COMPILER_APPICON_NAME = AppIcon;
				ASSETCATALOG_COMPILER_GLOBAL_ACCENT_COLOR_NAME = AccentColor;
				CODE_SIGN_STYLE = Automatic;
				CURRENT_PROJECT_VERSION = 1;
				DEVELOPMENT_ASSET_PATHS = "\"io.Lavoro/Preview Content\"";
				DEVELOPMENT_TEAM = WSTWL4B246;
				ENABLE_PREVIEWS = YES;
				GENERATE_INFOPLIST_FILE = YES;
				INFOPLIST_FILE = "io-Lavoro-Info.plist";
				INFOPLIST_KEY_NSFaceIDUsageDescription = "Разрешите вход в приложение с использованием Face ID";
				INFOPLIST_KEY_UIApplicationSupportsIndirectInputEvents = YES;
				INFOPLIST_KEY_UILaunchScreen_Generation = YES;
				INFOPLIST_KEY_UISupportedInterfaceOrientations_iPad = "UIInterfaceOrientationPortrait UIInterfaceOrientationPortraitUpsideDown UIInterfaceOrientationLandscapeLeft UIInterfaceOrientationLandscapeRight";
				INFOPLIST_KEY_UISupportedInterfaceOrientations_iPhone = "UIInterfaceOrientationPortrait UIInterfaceOrientationLandscapeLeft UIInterfaceOrientationLandscapeRight";
				IPHONEOS_DEPLOYMENT_TARGET = 15.2;
				LD_RUNPATH_SEARCH_PATHS = (
					"$(inherited)",
					"@executable_path/Frameworks",
				);
				MARKETING_VERSION = 1.0;
				PRODUCT_BUNDLE_IDENTIFIER = "dariavarabei.io-Lavoro";
				PRODUCT_NAME = "$(TARGET_NAME)";
				SWIFT_EMIT_LOC_STRINGS = YES;
				SWIFT_VERSION = 5.0;
				TARGETED_DEVICE_FAMILY = "1,2";
			};
			name = Release;
		};
		D5E2600027D4C569001CA5B1 /* Debug */ = {
			isa = XCBuildConfiguration;
			buildSettings = {
				ALWAYS_EMBED_SWIFT_STANDARD_LIBRARIES = YES;
				BUNDLE_LOADER = "$(TEST_HOST)";
				CODE_SIGN_STYLE = Automatic;
				CURRENT_PROJECT_VERSION = 1;
				DEVELOPMENT_TEAM = WSTWL4B246;
				GENERATE_INFOPLIST_FILE = YES;
				IPHONEOS_DEPLOYMENT_TARGET = 15.2;
				MARKETING_VERSION = 1.0;
				PRODUCT_BUNDLE_IDENTIFIER = "dariavarabei.io-LavoroTests";
				PRODUCT_NAME = "$(TARGET_NAME)";
				SWIFT_EMIT_LOC_STRINGS = NO;
				SWIFT_VERSION = 5.0;
				TARGETED_DEVICE_FAMILY = "1,2";
				TEST_HOST = "$(BUILT_PRODUCTS_DIR)/io.Lavoro.app/io.Lavoro";
			};
			name = Debug;
		};
		D5E2600127D4C569001CA5B1 /* Release */ = {
			isa = XCBuildConfiguration;
			buildSettings = {
				ALWAYS_EMBED_SWIFT_STANDARD_LIBRARIES = YES;
				BUNDLE_LOADER = "$(TEST_HOST)";
				CODE_SIGN_STYLE = Automatic;
				CURRENT_PROJECT_VERSION = 1;
				DEVELOPMENT_TEAM = WSTWL4B246;
				GENERATE_INFOPLIST_FILE = YES;
				IPHONEOS_DEPLOYMENT_TARGET = 15.2;
				MARKETING_VERSION = 1.0;
				PRODUCT_BUNDLE_IDENTIFIER = "dariavarabei.io-LavoroTests";
				PRODUCT_NAME = "$(TARGET_NAME)";
				SWIFT_EMIT_LOC_STRINGS = NO;
				SWIFT_VERSION = 5.0;
				TARGETED_DEVICE_FAMILY = "1,2";
				TEST_HOST = "$(BUILT_PRODUCTS_DIR)/io.Lavoro.app/io.Lavoro";
			};
			name = Release;
		};
		D5E2600327D4C569001CA5B1 /* Debug */ = {
			isa = XCBuildConfiguration;
			buildSettings = {
				ALWAYS_EMBED_SWIFT_STANDARD_LIBRARIES = YES;
				CODE_SIGN_STYLE = Automatic;
				CURRENT_PROJECT_VERSION = 1;
				DEVELOPMENT_TEAM = WSTWL4B246;
				GENERATE_INFOPLIST_FILE = YES;
				MARKETING_VERSION = 1.0;
				PRODUCT_BUNDLE_IDENTIFIER = "dariavarabei.io-LavoroUITests";
				PRODUCT_NAME = "$(TARGET_NAME)";
				SWIFT_EMIT_LOC_STRINGS = NO;
				SWIFT_VERSION = 5.0;
				TARGETED_DEVICE_FAMILY = "1,2";
				TEST_TARGET_NAME = io.Lavoro;
			};
			name = Debug;
		};
		D5E2600427D4C569001CA5B1 /* Release */ = {
			isa = XCBuildConfiguration;
			buildSettings = {
				ALWAYS_EMBED_SWIFT_STANDARD_LIBRARIES = YES;
				CODE_SIGN_STYLE = Automatic;
				CURRENT_PROJECT_VERSION = 1;
				DEVELOPMENT_TEAM = WSTWL4B246;
				GENERATE_INFOPLIST_FILE = YES;
				MARKETING_VERSION = 1.0;
				PRODUCT_BUNDLE_IDENTIFIER = "dariavarabei.io-LavoroUITests";
				PRODUCT_NAME = "$(TARGET_NAME)";
				SWIFT_EMIT_LOC_STRINGS = NO;
				SWIFT_VERSION = 5.0;
				TARGETED_DEVICE_FAMILY = "1,2";
				TEST_TARGET_NAME = io.Lavoro;
			};
			name = Release;
		};
/* End XCBuildConfiguration section */

/* Begin XCConfigurationList section */
		D5E25FD327D4C567001CA5B1 /* Build configuration list for PBXProject "io.Lavoro" */ = {
			isa = XCConfigurationList;
			buildConfigurations = (
				D5E25FFA27D4C569001CA5B1 /* Debug */,
				D5E25FFB27D4C569001CA5B1 /* Release */,
			);
			defaultConfigurationIsVisible = 0;
			defaultConfigurationName = Release;
		};
		D5E25FFC27D4C569001CA5B1 /* Build configuration list for PBXNativeTarget "io.Lavoro" */ = {
			isa = XCConfigurationList;
			buildConfigurations = (
				D5E25FFD27D4C569001CA5B1 /* Debug */,
				D5E25FFE27D4C569001CA5B1 /* Release */,
			);
			defaultConfigurationIsVisible = 0;
			defaultConfigurationName = Release;
		};
		D5E25FFF27D4C569001CA5B1 /* Build configuration list for PBXNativeTarget "io.LavoroTests" */ = {
			isa = XCConfigurationList;
			buildConfigurations = (
				D5E2600027D4C569001CA5B1 /* Debug */,
				D5E2600127D4C569001CA5B1 /* Release */,
			);
			defaultConfigurationIsVisible = 0;
			defaultConfigurationName = Release;
		};
		D5E2600227D4C569001CA5B1 /* Build configuration list for PBXNativeTarget "io.LavoroUITests" */ = {
			isa = XCConfigurationList;
			buildConfigurations = (
				D5E2600327D4C569001CA5B1 /* Debug */,
				D5E2600427D4C569001CA5B1 /* Release */,
			);
			defaultConfigurationIsVisible = 0;
			defaultConfigurationName = Release;
		};
/* End XCConfigurationList section */

/* Begin XCRemoteSwiftPackageReference section */
		D5466F1127EF171C00720F80 /* XCRemoteSwiftPackageReference "facebook-ios-sdk" */ = {
			isa = XCRemoteSwiftPackageReference;
			repositoryURL = "https://github.com/facebook/facebook-ios-sdk";
			requirement = {
				branch = main;
				kind = branch;
			};
		};
		D5BADE5527E98D7C00D9D4EE /* XCRemoteSwiftPackageReference "facebook-ios-sdk" */ = {
			isa = XCRemoteSwiftPackageReference;
			repositoryURL = "https://github.com/facebook/facebook-ios-sdk";
			requirement = {
				branch = main;
				kind = branch;
			};
		};
/* End XCRemoteSwiftPackageReference section */

/* Begin XCSwiftPackageProductDependency section */
		D5466F1227EF171C00720F80 /* FacebookLogin */ = {
			isa = XCSwiftPackageProductDependency;
			package = D5BADE5527E98D7C00D9D4EE /* XCRemoteSwiftPackageReference "facebook-ios-sdk" */;
			productName = FacebookLogin;
		};
/* End XCSwiftPackageProductDependency section */
	};
	rootObject = D5E25FD027D4C567001CA5B1 /* Project object */;
}
